
Microsoft Visual Studio Solution File, Format Version 12.00
# Visual Studio 15
VisualStudioVersion = 15.0.27130.2026
MinimumVisualStudioVersion = 10.0.40219.1
Project("{FAE04EC0-301F-11D3-BF4B-00C04F79EFBC}") = "WeatherForcastLib", "WeatherForcastLib\WeatherForcastLib.csproj", "{30D8F7BF-FC1D-471C-B348-EE7794AD9EF1}"
EndProject
Project("{FAE04EC0-301F-11D3-BF4B-00C04F79EFBC}") = "WeatherForcasterStarter", "WeatherForcasterStarter\WeatherForcasterStarter.csproj", "{2CC77D21-760D-4CBE-8677-FFE6B2482EEF}"
EndProject
Project("{FAE04EC0-301F-11D3-BF4B-00C04F79EFBC}") = "WeatherForcastLibTests", "WeatherForcastLibTests\WeatherForcastLibTests.csproj", "{29A7BFE1-F028-4C21-B6BC-157A5CA6EF06}"
EndProject
Global
	GlobalSection(SolutionConfigurationPlatforms) = preSolution
		Debug|Any CPU = Debug|Any CPU
		Release|Any CPU = Release|Any CPU
	EndGlobalSection
	GlobalSection(ProjectConfigurationPlatforms) = postSolution
		{30D8F7BF-FC1D-471C-B348-EE7794AD9EF1}.Debug|Any CPU.ActiveCfg = Debug|Any CPU
		{30D8F7BF-FC1D-471C-B348-EE7794AD9EF1}.Debug|Any CPU.Build.0 = Debug|Any CPU
		{30D8F7BF-FC1D-471C-B348-EE7794AD9EF1}.Release|Any CPU.ActiveCfg = Release|Any CPU
		{30D8F7BF-FC1D-471C-B348-EE7794AD9EF1}.Release|Any CPU.Build.0 = Release|Any CPU
		{2CC77D21-760D-4CBE-8677-FFE6B2482EEF}.Debug|Any CPU.ActiveCfg = Debug|Any CPU
		{2CC77D21-760D-4CBE-8677-FFE6B2482EEF}.Debug|Any CPU.Build.0 = Debug|Any CPU
		{2CC77D21-760D-4CBE-8677-FFE6B2482EEF}.Release|Any CPU.ActiveCfg = Release|Any CPU
		{2CC77D21-760D-4CBE-8677-FFE6B2482EEF}.Release|Any CPU.Build.0 = Release|Any CPU
		{29A7BFE1-F028-4C21-B6BC-157A5CA6EF06}.Debug|Any CPU.ActiveCfg = Debug|Any CPU
		{29A7BFE1-F028-4C21-B6BC-157A5CA6EF06}.Debug|Any CPU.Build.0 = Debug|Any CPU
		{29A7BFE1-F028-4C21-B6BC-157A5CA6EF06}.Release|Any CPU.ActiveCfg = Release|Any CPU
		{29A7BFE1-F028-4C21-B6BC-157A5CA6EF06}.Release|Any CPU.Build.0 = Release|Any CPU
	EndGlobalSection
	GlobalSection(SolutionProperties) = preSolution
		HideSolutionNode = FALSE
	EndGlobalSection
	GlobalSection(ExtensibilityGlobals) = postSolution
		SolutionGuid = {919C838F-0961-4E5B-B54E-57F71D734A6F}
	EndGlobalSection
EndGlobal
